{
  "nodes": {
    "nixpkgs": {
      "locked": {
        "lastModified": 1791143449,
        "narHash": "sha256-9+n3ReS2y9xS199LoJjKUWHwZrISGHWgkD/LUZTDZyA=",
        "owner": "NixOS",
        "repo": "nixpkgs",
        "rev": "0d9e9b832d03ac387417e16ce1febf73b2e631e1",
        "type": "github"
      },
      "original": {
        "owner": "NixOS",
        "ref": "nixos-26.05",
        "repo": "nixpkgs",
        "type": "github"
      }
    },
    "nostr-swipe-cards": {
      "inputs": {
        "nixpkgs": [
          "nixpkgs"
        ]
      },
      "locked": {
        "lastModified": 1791320678,
        "narHash": "sha256-Hxgl9a5fi+QbuwF/BqQ3HGtvFak0Atqgfah9oMVMm4s=",
        "ref": "refs/heads/master",
        "rev": "939c65f05d131028218c964e193d7197be7f0411",
        "revCount": 19,
        "type": "git",
        "url": "https://relay.ngit.dev/npub1ye5ptcxfyyxl5vjvdjar2ua3f0hynkjzpx552mu5snj3qmx5pzjscpknpr/nostr-swipe-cards.git"
      },
      "original": {
        "type": "git",
        "url": "https://relay.ngit.dev/npub1ye5ptcxfyyxl5vjvdjar2ua3f0hynkjzpx552mu5snj3qmx5pzjscpknpr/nostr-swipe-cards.git"
      }
    },
    "root": {
      "inputs": {
        "nixpkgs": "nixpkgs",
        "nostr-swipe-cards": "nostr-swipe-cards"
      }
    }
  },
  "root": "root",
  "version": 7
}
